
Microsoft Visual Studio Solution File, Format Version 12.00
# Visual Studio Version 17
VisualStudioVersion = 17.5.33530.505
MinimumVisualStudioVersion = 10.0.40219.1
Project("{9A19103F-16F7-4668-BE54-9A1E7A4F7556}") = "MachBankingApp", "MachBankingApp.csproj", "{F1746E56-0737-4538-91E1-16469E1EE739}"
EndProject
Global
	GlobalSection(SolutionConfigurationPlatforms) = preSolution
		Debug|Any CPU = Debug|Any CPU
		Release|Any CPU = Release|Any CPU
	EndGlobalSection
	GlobalSection(ProjectConfigurationPlatforms) = postSolution
		{F1746E56-0737-4538-91E1-16469E1EE739}.Debug|Any CPU.ActiveCfg = Debug|Any CPU
		{F1746E56-0737-4538-91E1-16469E1EE739}.Debug|Any CPU.Build.0 = Debug|Any CPU
		{F1746E56-0737-4538-91E1-16469E1EE739}.Release|Any CPU.ActiveCfg = Release|Any CPU
		{F1746E56-0737-4538-91E1-16469E1EE739}.Release|Any CPU.Build.0 = Release|Any CPU
	EndGlobalSection
	GlobalSection(SolutionProperties) = preSolution
		HideSolutionNode = FALSE
	EndGlobalSection
	GlobalSection(ExtensibilityGlobals) = postSolution
		SolutionGuid = {BC43F7DB-7BCE-482C-9361-FC332164378B}
	EndGlobalSection
EndGlobal
